
Microsoft Visual Studio Solution File, Format Version 12.00
# Visual Studio 15
VisualStudioVersion = 15.0.27428.2037
MinimumVisualStudioVersion = 10.0.40219.1
Project("{8BC9CEB8-8B4A-11D0-8D11-00A0C91BC942}") = "goods_catalog", "goods_catalog\goods_catalog.vcxproj", "{C48621DE-BD69-4B42-BB46-6B5CEB0A05BE}"
EndProject
Global
	GlobalSection(SolutionConfigurationPlatforms) = preSolution
		Debug|x64 = Debug|x64
		Debug|x86 = Debug|x86
		Release|x64 = Release|x64
		Release|x86 = Release|x86
	EndGlobalSection
	GlobalSection(ProjectConfigurationPlatforms) = postSolution
		{C48621DE-BD69-4B42-BB46-6B5CEB0A05BE}.Debug|x64.ActiveCfg = Debug|x64
		{C48621DE-BD69-4B42-BB46-6B5CEB0A05BE}.Debug|x64.Build.0 = Debug|x64
		{C48621DE-BD69-4B42-BB46-6B5CEB0A05BE}.Debug|x86.ActiveCfg = Debug|Win32
		{C48621DE-BD69-4B42-BB46-6B5CEB0A05BE}.Debug|x86.Build.0 = Debug|Win32
		{C48621DE-BD69-4B42-BB46-6B5CEB0A05BE}.Release|x64.ActiveCfg = Release|x64
		{C48621DE-BD69-4B42-BB46-6B5CEB0A05BE}.Release|x64.Build.0 = Release|x64
		{C48621DE-BD69-4B42-BB46-6B5CEB0A05BE}.Release|x86.ActiveCfg = Release|Win32
		{C48621DE-BD69-4B42-BB46-6B5CEB0A05BE}.Release|x86.Build.0 = Release|Win32
	EndGlobalSection
	GlobalSection(SolutionProperties) = preSolution
		HideSolutionNode = FALSE
	EndGlobalSection
	GlobalSection(ExtensibilityGlobals) = postSolution
		SolutionGuid = {0965C4D3-EF20-4817-BE2C-7E81D02972B1}
	EndGlobalSection
EndGlobal
